
Microsoft Visual Studio Solution File, Format Version 12.00
# Visual Studio Version 17
VisualStudioVersion = 17.4.33213.308
MinimumVisualStudioVersion = 10.0.40219.1
Project("{FAE04EC0-301F-11D3-BF4B-00C04F79EFBC}") = "WebApiCamaras", "WebApiCamaras\WebApiCamaras.csproj", "{CAAFFFE7-D3A8-4A86-A4E9-70BB92F4FBDC}"
EndProject
Global
	GlobalSection(SolutionConfigurationPlatforms) = preSolution
		Debug|Any CPU = Debug|Any CPU
		Release|Any CPU = Release|Any CPU
	EndGlobalSection
	GlobalSection(ProjectConfigurationPlatforms) = postSolution
		{CAAFFFE7-D3A8-4A86-A4E9-70BB92F4FBDC}.Debug|Any CPU.ActiveCfg = Debug|Any CPU
		{CAAFFFE7-D3A8-4A86-A4E9-70BB92F4FBDC}.Debug|Any CPU.Build.0 = Debug|Any CPU
		{CAAFFFE7-D3A8-4A86-A4E9-70BB92F4FBDC}.Release|Any CPU.ActiveCfg = Release|Any CPU
		{CAAFFFE7-D3A8-4A86-A4E9-70BB92F4FBDC}.Release|Any CPU.Build.0 = Release|Any CPU
	EndGlobalSection
	GlobalSection(SolutionProperties) = preSolution
		HideSolutionNode = FALSE
	EndGlobalSection
	GlobalSection(ExtensibilityGlobals) = postSolution
		SolutionGuid = {77F556CE-8CB3-4B8C-AB6C-C4F6549E0A9C}
	EndGlobalSection
EndGlobal
